{
  "version": 4,
  "terraform_version": "1.10.5",
  "serial": 19,
  "lineage": "297c4c5f-97f7-0f3a-9e89-878e97c455ea",
  "outputs": {},
  "resources": [
    {
      "module": "module.nsg",
      "mode": "data",
      "type": "azurerm_resource_group",
      "name": "rg",
      "provider": "provider[\"registry.terraform.io/hashicorp/azurerm\"]",
      "instances": [
        {
          "schema_version": 0,
          "attributes": {
            "id": "/subscriptions/8888575e-1be3-4d16-8500-ee8a4a1b570c/resourceGroups/todo-rg-prashant",
            "location": "norwayeast",
            "managed_by": "",
            "name": "todo-rg-prashant",
            "tags": {},
            "timeouts": null
          },
          "sensitive_attributes": []
        }
      ]
    },
    {
      "module": "module.nsg",
      "mode": "managed",
      "type": "azurerm_network_security_group",
      "name": "nsg",
      "provider": "provider[\"registry.terraform.io/hashicorp/azurerm\"]",
      "instances": [
        {
          "schema_version": 0,
          "attributes": {
            "id": "/subscriptions/8888575e-1be3-4d16-8500-ee8a4a1b570c/resourceGroups/todo-rg-prashant/providers/Microsoft.Network/networkSecurityGroups/nsgtodo-prashant",
            "location": "norwayeast",
            "name": "nsgtodo-prashant",
            "resource_group_name": "todo-rg-prashant",
            "security_rule": [],
            "tags": {},
            "timeouts": null
          },
          "sensitive_attributes": [],
          "private": "eyJlMmJmYjczMC1lY2FhLTExZTYtOGY4OC0zNDM2M2JjN2M0YzAiOnsiY3JlYXRlIjoxODAwMDAwMDAwMDAwLCJkZWxldGUiOjE4MDAwMDAwMDAwMDAsInJlYWQiOjMwMDAwMDAwMDAwMCwidXBkYXRlIjoxODAwMDAwMDAwMDAwfX0=",
          "dependencies": [
            "module.nsg.data.azurerm_resource_group.rg",
            "module.rg.azurerm_resource_group.rgtodo",
            "module.vnet.azurerm_virtual_network.vnet",
            "module.vnet.data.azurerm_resource_group.rg"
          ]
        }
      ]
    },
    {
      "module": "module.nsg",
      "mode": "managed",
      "type": "azurerm_network_security_rule",
      "name": "nsg-rule",
      "provider": "provider[\"registry.terraform.io/hashicorp/azurerm\"]",
      "instances": [
        {
          "schema_version": 0,
          "attributes": {
            "access": "Allow",
            "description": "",
            "destination_address_prefix": "*",
            "destination_address_prefixes": null,
            "destination_application_security_group_ids": null,
            "destination_port_range": "",
            "destination_port_ranges": [
              "22",
              "80"
            ],
            "direction": "Inbound",
            "id": "/subscriptions/8888575e-1be3-4d16-8500-ee8a4a1b570c/resourceGroups/todo-rg-prashant/providers/Microsoft.Network/networkSecurityGroups/nsgtodo-prashant/securityRules/nsgrule-prashant",
            "name": "nsgrule-prashant",
            "network_security_group_name": "nsgtodo-prashant",
            "priority": 100,
            "protocol": "Tcp",
            "resource_group_name": "todo-rg-prashant",
            "source_address_prefix": "*",
            "source_address_prefixes": null,
            "source_application_security_group_ids": null,
            "source_port_range": "*",
            "source_port_ranges": null,
            "timeouts": null
          },
          "sensitive_attributes": [],
          "private": "eyJlMmJmYjczMC1lY2FhLTExZTYtOGY4OC0zNDM2M2JjN2M0YzAiOnsiY3JlYXRlIjoxODAwMDAwMDAwMDAwLCJkZWxldGUiOjE4MDAwMDAwMDAwMDAsInJlYWQiOjMwMDAwMDAwMDAwMCwidXBkYXRlIjoxODAwMDAwMDAwMDAwfX0=",
          "dependencies": [
            "module.nsg.azurerm_network_security_group.nsg",
            "module.nsg.data.azurerm_resource_group.rg",
            "module.rg.azurerm_resource_group.rgtodo",
            "module.vnet.azurerm_virtual_network.vnet",
            "module.vnet.data.azurerm_resource_group.rg"
          ]
        }
      ]
    },
    {
      "module": "module.rg",
      "mode": "managed",
      "type": "azurerm_resource_group",
      "name": "rgtodo",
      "provider": "provider[\"registry.terraform.io/hashicorp/azurerm\"]",
      "instances": [
        {
          "schema_version": 0,
          "attributes": {
            "id": "/subscriptions/8888575e-1be3-4d16-8500-ee8a4a1b570c/resourceGroups/todo-rg-prashant",
            "location": "norwayeast",
            "managed_by": "",
            "name": "todo-rg-prashant",
            "tags": {},
            "timeouts": null
          },
          "sensitive_attributes": [],
          "private": "eyJlMmJmYjczMC1lY2FhLTExZTYtOGY4OC0zNDM2M2JjN2M0YzAiOnsiY3JlYXRlIjo1NDAwMDAwMDAwMDAwLCJkZWxldGUiOjU0MDAwMDAwMDAwMDAsInJlYWQiOjMwMDAwMDAwMDAwMCwidXBkYXRlIjo1NDAwMDAwMDAwMDAwfX0="
        }
      ]
    },
    {
      "module": "module.vm",
      "mode": "data",
      "type": "azurerm_network_security_group",
      "name": "nsg",
      "provider": "provider[\"registry.terraform.io/hashicorp/azurerm\"]",
      "instances": [
        {
          "schema_version": 0,
          "attributes": {
            "id": "/subscriptions/8888575e-1be3-4d16-8500-ee8a4a1b570c/resourceGroups/todo-rg-prashant/providers/Microsoft.Network/networkSecurityGroups/nsgtodo-prashant",
            "location": "norwayeast",
            "name": "nsgtodo-prashant",
            "resource_group_name": "todo-rg-prashant",
            "security_rule": [
              {
                "access": "Allow",
                "description": "",
                "destination_address_prefix": "*",
                "destination_address_prefixes": [],
                "destination_application_security_group_ids": [],
                "destination_port_range": "",
                "destination_port_ranges": [
                  "22",
                  "80"
                ],
                "direction": "Inbound",
                "name": "nsgrule-prashant",
                "priority": 100,
                "protocol": "Tcp",
                "source_address_prefix": "*",
                "source_address_prefixes": [],
                "source_application_security_group_ids": [],
                "source_port_range": "*",
                "source_port_ranges": []
              }
            ],
            "tags": {},
            "timeouts": null
          },
          "sensitive_attributes": []
        }
      ]
    },
    {
      "module": "module.vm",
      "mode": "data",
      "type": "azurerm_resource_group",
      "name": "rg-name",
      "provider": "provider[\"registry.terraform.io/hashicorp/azurerm\"]",
      "instances": [
        {
          "schema_version": 0,
          "attributes": {
            "id": "/subscriptions/8888575e-1be3-4d16-8500-ee8a4a1b570c/resourceGroups/todo-rg-prashant",
            "location": "norwayeast",
            "managed_by": "",
            "name": "todo-rg-prashant",
            "tags": {},
            "timeouts": null
          },
          "sensitive_attributes": []
        }
      ]
    },
    {
      "module": "module.vm",
      "mode": "data",
      "type": "azurerm_virtual_network",
      "name": "vnet",
      "provider": "provider[\"registry.terraform.io/hashicorp/azurerm\"]",
      "instances": [
        {
          "schema_version": 0,
          "attributes": {
            "address_space": [
              "10.0.0.0/16"
            ],
            "dns_servers": [],
            "guid": "ba3efd49-fc3d-492f-b7de-64336ef0e201",
            "id": "/subscriptions/8888575e-1be3-4d16-8500-ee8a4a1b570c/resourceGroups/todo-rg-prashant/providers/Microsoft.Network/virtualNetworks/todo-vnet-prashant",
            "location": "norwayeast",
            "name": "todo-vnet-prashant",
            "resource_group_name": "todo-rg-prashant",
            "subnets": [],
            "tags": {},
            "timeouts": null,
            "vnet_peerings": {},
            "vnet_peerings_addresses": []
          },
          "sensitive_attributes": []
        }
      ]
    },
    {
      "module": "module.vm",
      "mode": "managed",
      "type": "azurerm_linux_virtual_machine",
      "name": "vm",
      "provider": "provider[\"registry.terraform.io/hashicorp/azurerm\"]",
      "instances": [
        {
          "schema_version": 0,
          "attributes": {
            "additional_capabilities": [],
            "admin_password": "Auth@12345678",
            "admin_ssh_key": [],
            "admin_username": "prashantadmin",
            "allow_extension_operations": true,
            "availability_set_id": "",
            "boot_diagnostics": [],
            "bypass_platform_safety_checks_on_user_schedule_enabled": false,
            "capacity_reservation_group_id": "",
            "computer_name": "fronted-vm",
            "custom_data": null,
            "dedicated_host_group_id": "",
            "dedicated_host_id": "",
            "disable_password_authentication": false,
            "disk_controller_type": "",
            "edge_zone": "",
            "encryption_at_host_enabled": false,
            "eviction_policy": "",
            "extensions_time_budget": "PT1H30M",
            "gallery_application": [],
            "id": "/subscriptions/8888575e-1be3-4d16-8500-ee8a4a1b570c/resourceGroups/todo-rg-prashant/providers/Microsoft.Compute/virtualMachines/fronted-vm",
            "identity": [],
            "license_type": "",
            "location": "norwayeast",
            "max_bid_price": -1,
            "name": "fronted-vm",
            "network_interface_ids": [
              "/subscriptions/8888575e-1be3-4d16-8500-ee8a4a1b570c/resourceGroups/todo-rg-prashant/providers/Microsoft.Network/networkInterfaces/frontend-nic"
            ],
            "os_disk": [
              {
                "caching": "ReadWrite",
                "diff_disk_settings": [],
                "disk_encryption_set_id": "",
                "disk_size_gb": 30,
                "id": "/subscriptions/8888575e-1be3-4d16-8500-ee8a4a1b570c/resourceGroups/todo-rg-prashant/providers/Microsoft.Compute/disks/fronted-vm_OsDisk_1_811c25fdb78f40c9b7d0e74008ede740",
                "name": "fronted-vm_OsDisk_1_811c25fdb78f40c9b7d0e74008ede740",
                "secure_vm_disk_encryption_set_id": "",
                "security_encryption_type": "",
                "storage_account_type": "Standard_LRS",
                "write_accelerator_enabled": false
              }
            ],
            "os_image_notification": [],
            "patch_assessment_mode": "ImageDefault",
            "patch_mode": "ImageDefault",
            "plan": [],
            "platform_fault_domain": -1,
            "priority": "Regular",
            "private_ip_address": "10.0.0.4",
            "private_ip_addresses": [
              "10.0.0.4"
            ],
            "provision_vm_agent": true,
            "proximity_placement_group_id": "",
            "public_ip_address": "",
            "public_ip_addresses": [],
            "reboot_setting": "",
            "resource_group_name": "todo-rg-prashant",
            "secret": [],
            "secure_boot_enabled": false,
            "size": "Standard_F2",
            "source_image_id": "",
            "source_image_reference": [
              {
                "offer": "ubuntu-24_04-lts",
                "publisher": "canonical",
                "sku": "ubuntu-pro-gen1",
                "version": "latest"
              }
            ],
            "tags": null,
            "termination_notification": null,
            "timeouts": null,
            "user_data": "",
            "virtual_machine_id": "e59552c9-ea2c-4470-addc-0e12d15af38c",
            "virtual_machine_scale_set_id": "",
            "vm_agent_platform_updates_enabled": false,
            "vtpm_enabled": false,
            "zone": ""
          },
          "sensitive_attributes": [
            [
              {
                "type": "get_attr",
                "value": "admin_password"
              }
            ],
            [
              {
                "type": "get_attr",
                "value": "custom_data"
              }
            ]
          ],
          "private": "eyJlMmJmYjczMC1lY2FhLTExZTYtOGY4OC0zNDM2M2JjN2M0YzAiOnsiY3JlYXRlIjoyNzAwMDAwMDAwMDAwLCJkZWxldGUiOjI3MDAwMDAwMDAwMDAsInJlYWQiOjMwMDAwMDAwMDAwMCwidXBkYXRlIjoyNzAwMDAwMDAwMDAwfX0=",
          "dependencies": [
            "module.nsg.azurerm_network_security_group.nsg",
            "module.nsg.azurerm_network_security_rule.nsg-rule",
            "module.nsg.data.azurerm_resource_group.rg",
            "module.rg.azurerm_resource_group.rgtodo",
            "module.vm.azurerm_network_interface.nic",
            "module.vm.azurerm_subnet.subnet",
            "module.vm.data.azurerm_resource_group.rg-name",
            "module.vm.data.azurerm_virtual_network.vnet",
            "module.vnet.azurerm_virtual_network.vnet",
            "module.vnet.data.azurerm_resource_group.rg"
          ]
        }
      ]
    },
    {
      "module": "module.vm",
      "mode": "managed",
      "type": "azurerm_network_interface",
      "name": "nic",
      "provider": "provider[\"registry.terraform.io/hashicorp/azurerm\"]",
      "instances": [
        {
          "schema_version": 0,
          "attributes": {
            "accelerated_networking_enabled": false,
            "applied_dns_servers": [],
            "auxiliary_mode": "",
            "auxiliary_sku": "",
            "dns_servers": null,
            "edge_zone": "",
            "id": "/subscriptions/8888575e-1be3-4d16-8500-ee8a4a1b570c/resourceGroups/todo-rg-prashant/providers/Microsoft.Network/networkInterfaces/frontend-nic",
            "internal_dns_name_label": "",
            "internal_domain_name_suffix": "jh4t3or35qxutn44mqzw32hcab.oslx.internal.cloudapp.net",
            "ip_configuration": [
              {
                "gateway_load_balancer_frontend_ip_configuration_id": "",
                "name": "internal",
                "primary": true,
                "private_ip_address": "10.0.0.4",
                "private_ip_address_allocation": "Dynamic",
                "private_ip_address_version": "IPv4",
                "public_ip_address_id": "",
                "subnet_id": "/subscriptions/8888575e-1be3-4d16-8500-ee8a4a1b570c/resourceGroups/todo-rg-prashant/providers/Microsoft.Network/virtualNetworks/todo-vnet-prashant/subnets/frontend-subnet"
              }
            ],
            "ip_forwarding_enabled": false,
            "location": "norwayeast",
            "mac_address": "",
            "name": "frontend-nic",
            "private_ip_address": "10.0.0.4",
            "private_ip_addresses": [
              "10.0.0.4"
            ],
            "resource_group_name": "todo-rg-prashant",
            "tags": null,
            "timeouts": null,
            "virtual_machine_id": ""
          },
          "sensitive_attributes": [],
          "private": "eyJlMmJmYjczMC1lY2FhLTExZTYtOGY4OC0zNDM2M2JjN2M0YzAiOnsiY3JlYXRlIjoxODAwMDAwMDAwMDAwLCJkZWxldGUiOjE4MDAwMDAwMDAwMDAsInJlYWQiOjMwMDAwMDAwMDAwMCwidXBkYXRlIjoxODAwMDAwMDAwMDAwfX0=",
          "dependencies": [
            "module.nsg.azurerm_network_security_group.nsg",
            "module.nsg.azurerm_network_security_rule.nsg-rule",
            "module.nsg.data.azurerm_resource_group.rg",
            "module.rg.azurerm_resource_group.rgtodo",
            "module.vm.azurerm_subnet.subnet",
            "module.vm.data.azurerm_resource_group.rg-name",
            "module.vm.data.azurerm_virtual_network.vnet",
            "module.vnet.azurerm_virtual_network.vnet",
            "module.vnet.data.azurerm_resource_group.rg"
          ]
        }
      ]
    },
    {
      "module": "module.vm",
      "mode": "managed",
      "type": "azurerm_network_interface_security_group_association",
      "name": "nsg-nic-association",
      "provider": "provider[\"registry.terraform.io/hashicorp/azurerm\"]",
      "instances": [
        {
          "schema_version": 0,
          "attributes": {
            "id": "/subscriptions/8888575e-1be3-4d16-8500-ee8a4a1b570c/resourceGroups/todo-rg-prashant/providers/Microsoft.Network/networkInterfaces/frontend-nic|/subscriptions/8888575e-1be3-4d16-8500-ee8a4a1b570c/resourceGroups/todo-rg-prashant/providers/Microsoft.Network/networkSecurityGroups/nsgtodo-prashant",
            "network_interface_id": "/subscriptions/8888575e-1be3-4d16-8500-ee8a4a1b570c/resourceGroups/todo-rg-prashant/providers/Microsoft.Network/networkInterfaces/frontend-nic",
            "network_security_group_id": "/subscriptions/8888575e-1be3-4d16-8500-ee8a4a1b570c/resourceGroups/todo-rg-prashant/providers/Microsoft.Network/networkSecurityGroups/nsgtodo-prashant",
            "timeouts": null
          },
          "sensitive_attributes": [],
          "private": "eyJlMmJmYjczMC1lY2FhLTExZTYtOGY4OC0zNDM2M2JjN2M0YzAiOnsiY3JlYXRlIjoxODAwMDAwMDAwMDAwLCJkZWxldGUiOjE4MDAwMDAwMDAwMDAsInJlYWQiOjMwMDAwMDAwMDAwMH19",
          "dependencies": [
            "module.nsg.azurerm_network_security_group.nsg",
            "module.nsg.azurerm_network_security_rule.nsg-rule",
            "module.nsg.data.azurerm_resource_group.rg",
            "module.rg.azurerm_resource_group.rgtodo",
            "module.vm.azurerm_network_interface.nic",
            "module.vm.azurerm_subnet.subnet",
            "module.vm.data.azurerm_network_security_group.nsg",
            "module.vm.data.azurerm_resource_group.rg-name",
            "module.vm.data.azurerm_virtual_network.vnet",
            "module.vnet.azurerm_virtual_network.vnet",
            "module.vnet.data.azurerm_resource_group.rg"
          ]
        }
      ]
    },
    {
      "module": "module.vm",
      "mode": "managed",
      "type": "azurerm_public_ip",
      "name": "pip",
      "provider": "provider[\"registry.terraform.io/hashicorp/azurerm\"]",
      "instances": [
        {
          "schema_version": 0,
          "attributes": {
            "allocation_method": "Static",
            "ddos_protection_mode": "VirtualNetworkInherited",
            "ddos_protection_plan_id": null,
            "domain_name_label": null,
            "domain_name_label_scope": null,
            "edge_zone": "",
            "fqdn": null,
            "id": "/subscriptions/8888575e-1be3-4d16-8500-ee8a4a1b570c/resourceGroups/todo-rg-prashant/providers/Microsoft.Network/publicIPAddresses/fronted-pip",
            "idle_timeout_in_minutes": 4,
            "ip_address": "4.219.4.64",
            "ip_tags": null,
            "ip_version": "IPv4",
            "location": "norwayeast",
            "name": "fronted-pip",
            "public_ip_prefix_id": null,
            "resource_group_name": "todo-rg-prashant",
            "reverse_fqdn": null,
            "sku": "Standard",
            "sku_tier": "Regional",
            "tags": null,
            "timeouts": null,
            "zones": null
          },
          "sensitive_attributes": [],
          "private": "eyJlMmJmYjczMC1lY2FhLTExZTYtOGY4OC0zNDM2M2JjN2M0YzAiOnsiY3JlYXRlIjoxODAwMDAwMDAwMDAwLCJkZWxldGUiOjE4MDAwMDAwMDAwMDAsInJlYWQiOjMwMDAwMDAwMDAwMCwidXBkYXRlIjoxODAwMDAwMDAwMDAwfX0=",
          "dependencies": [
            "module.nsg.azurerm_network_security_group.nsg",
            "module.nsg.azurerm_network_security_rule.nsg-rule",
            "module.nsg.data.azurerm_resource_group.rg",
            "module.rg.azurerm_resource_group.rgtodo",
            "module.vm.data.azurerm_resource_group.rg-name",
            "module.vnet.azurerm_virtual_network.vnet",
            "module.vnet.data.azurerm_resource_group.rg"
          ]
        }
      ]
    },
    {
      "module": "module.vm",
      "mode": "managed",
      "type": "azurerm_subnet",
      "name": "subnet",
      "provider": "provider[\"registry.terraform.io/hashicorp/azurerm\"]",
      "instances": [
        {
          "schema_version": 0,
          "attributes": {
            "address_prefixes": [
              "10.0.0.0/24"
            ],
            "default_outbound_access_enabled": true,
            "delegation": [],
            "id": "/subscriptions/8888575e-1be3-4d16-8500-ee8a4a1b570c/resourceGroups/todo-rg-prashant/providers/Microsoft.Network/virtualNetworks/todo-vnet-prashant/subnets/frontend-subnet",
            "name": "frontend-subnet",
            "private_endpoint_network_policies": "Disabled",
            "private_link_service_network_policies_enabled": true,
            "resource_group_name": "todo-rg-prashant",
            "service_endpoint_policy_ids": null,
            "service_endpoints": null,
            "timeouts": null,
            "virtual_network_name": "todo-vnet-prashant"
          },
          "sensitive_attributes": [],
          "private": "eyJlMmJmYjczMC1lY2FhLTExZTYtOGY4OC0zNDM2M2JjN2M0YzAiOnsiY3JlYXRlIjoxODAwMDAwMDAwMDAwLCJkZWxldGUiOjE4MDAwMDAwMDAwMDAsInJlYWQiOjMwMDAwMDAwMDAwMCwidXBkYXRlIjoxODAwMDAwMDAwMDAwfX0=",
          "dependencies": [
            "module.nsg.azurerm_network_security_group.nsg",
            "module.nsg.azurerm_network_security_rule.nsg-rule",
            "module.nsg.data.azurerm_resource_group.rg",
            "module.rg.azurerm_resource_group.rgtodo",
            "module.vm.data.azurerm_resource_group.rg-name",
            "module.vm.data.azurerm_virtual_network.vnet",
            "module.vnet.azurerm_virtual_network.vnet",
            "module.vnet.data.azurerm_resource_group.rg"
          ]
        }
      ]
    },
    {
      "module": "module.vnet",
      "mode": "data",
      "type": "azurerm_resource_group",
      "name": "rg",
      "provider": "provider[\"registry.terraform.io/hashicorp/azurerm\"]",
      "instances": [
        {
          "schema_version": 0,
          "attributes": {
            "id": "/subscriptions/8888575e-1be3-4d16-8500-ee8a4a1b570c/resourceGroups/todo-rg-prashant",
            "location": "norwayeast",
            "managed_by": "",
            "name": "todo-rg-prashant",
            "tags": {},
            "timeouts": null
          },
          "sensitive_attributes": []
        }
      ]
    },
    {
      "module": "module.vnet",
      "mode": "managed",
      "type": "azurerm_virtual_network",
      "name": "vnet",
      "provider": "provider[\"registry.terraform.io/hashicorp/azurerm\"]",
      "instances": [
        {
          "schema_version": 0,
          "attributes": {
            "address_space": [
              "10.0.0.0/16"
            ],
            "bgp_community": "",
            "ddos_protection_plan": [],
            "dns_servers": [],
            "edge_zone": "",
            "encryption": [],
            "flow_timeout_in_minutes": 0,
            "guid": "ba3efd49-fc3d-492f-b7de-64336ef0e201",
            "id": "/subscriptions/8888575e-1be3-4d16-8500-ee8a4a1b570c/resourceGroups/todo-rg-prashant/providers/Microsoft.Network/virtualNetworks/todo-vnet-prashant",
            "location": "norwayeast",
            "name": "todo-vnet-prashant",
            "private_endpoint_vnet_policies": "Disabled",
            "resource_group_name": "todo-rg-prashant",
            "subnet": [],
            "tags": {},
            "timeouts": null
          },
          "sensitive_attributes": [],
          "private": "eyJlMmJmYjczMC1lY2FhLTExZTYtOGY4OC0zNDM2M2JjN2M0YzAiOnsiY3JlYXRlIjoxODAwMDAwMDAwMDAwLCJkZWxldGUiOjE4MDAwMDAwMDAwMDAsInJlYWQiOjMwMDAwMDAwMDAwMCwidXBkYXRlIjoxODAwMDAwMDAwMDAwfX0=",
          "dependencies": [
            "module.rg.azurerm_resource_group.rgtodo",
            "module.vnet.data.azurerm_resource_group.rg"
          ]
        }
      ]
    }
  ],
  "check_results": null
}
